
Microsoft Visual Studio Solution File, Format Version 12.00
# Visual Studio 2013
VisualStudioVersion = 12.0.21005.1
MinimumVisualStudioVersion = 10.0.40219.1
Project("{8BC9CEB8-8B4A-11D0-8D11-00A0C91BC942}") = "CudaDevice", "CudaDevice\CudaDevice.vcxproj", "{50D24514-0475-44E0-8944-74692DFEE936}"
EndProject
Project("{8BC9CEB8-8B4A-11D0-8D11-00A0C91BC942}") = "WarpShow", "WarpShow\WarpShow.vcxproj", "{6F80E73A-6ACF-4408-B796-99A4DF3BD3BA}"
EndProject
Project("{8BC9CEB8-8B4A-11D0-8D11-00A0C91BC942}") = "Odistance", "Odistance\Odistance.vcxproj", "{1D04CDE9-74FB-4D60-8533-A458B3B275D9}"
EndProject
Project("{8BC9CEB8-8B4A-11D0-8D11-00A0C91BC942}") = "MonteCarlo", "MonteCarlo\MonteCarlo.vcxproj", "{CF1F957F-FF0B-45C3-A1B0-14453DF6D569}"
EndProject
Project("{8BC9CEB8-8B4A-11D0-8D11-00A0C91BC942}") = "Laplace", "Laplace\Laplace.vcxproj", "{714A6675-26EE-4CF2-97CB-C451BDBCE8F1}"
EndProject
Project("{8BC9CEB8-8B4A-11D0-8D11-00A0C91BC942}") = "AlternatingDirectionImplicit", "AlternatingDirectionImplicit\AlternatingDirectionImplicit.vcxproj", "{A1D0EE88-B267-44BD-A5B3-113A52F02BC9}"
EndProject
Global
	GlobalSection(SolutionConfigurationPlatforms) = preSolution
		Debug|ARM = Debug|ARM
		Debug|Mixed Platforms = Debug|Mixed Platforms
		Debug|Win32 = Debug|Win32
		Debug|x64 = Debug|x64
		Release|ARM = Release|ARM
		Release|Mixed Platforms = Release|Mixed Platforms
		Release|Win32 = Release|Win32
		Release|x64 = Release|x64
	EndGlobalSection
	GlobalSection(ProjectConfigurationPlatforms) = postSolution
		{50D24514-0475-44E0-8944-74692DFEE936}.Debug|ARM.ActiveCfg = Debug|Win32
		{50D24514-0475-44E0-8944-74692DFEE936}.Debug|Mixed Platforms.ActiveCfg = Debug|Win32
		{50D24514-0475-44E0-8944-74692DFEE936}.Debug|Mixed Platforms.Build.0 = Debug|Win32
		{50D24514-0475-44E0-8944-74692DFEE936}.Debug|Win32.ActiveCfg = Debug|Win32
		{50D24514-0475-44E0-8944-74692DFEE936}.Debug|Win32.Build.0 = Debug|Win32
		{50D24514-0475-44E0-8944-74692DFEE936}.Debug|x64.ActiveCfg = Debug|x64
		{50D24514-0475-44E0-8944-74692DFEE936}.Debug|x64.Build.0 = Debug|x64
		{50D24514-0475-44E0-8944-74692DFEE936}.Release|ARM.ActiveCfg = Release|Win32
		{50D24514-0475-44E0-8944-74692DFEE936}.Release|Mixed Platforms.ActiveCfg = Release|Win32
		{50D24514-0475-44E0-8944-74692DFEE936}.Release|Mixed Platforms.Build.0 = Release|Win32
		{50D24514-0475-44E0-8944-74692DFEE936}.Release|Win32.ActiveCfg = Release|Win32
		{50D24514-0475-44E0-8944-74692DFEE936}.Release|Win32.Build.0 = Release|Win32
		{50D24514-0475-44E0-8944-74692DFEE936}.Release|x64.ActiveCfg = Release|x64
		{50D24514-0475-44E0-8944-74692DFEE936}.Release|x64.Build.0 = Release|x64
		{6F80E73A-6ACF-4408-B796-99A4DF3BD3BA}.Debug|ARM.ActiveCfg = Debug|Win32
		{6F80E73A-6ACF-4408-B796-99A4DF3BD3BA}.Debug|Mixed Platforms.ActiveCfg = Debug|Win32
		{6F80E73A-6ACF-4408-B796-99A4DF3BD3BA}.Debug|Mixed Platforms.Build.0 = Debug|Win32
		{6F80E73A-6ACF-4408-B796-99A4DF3BD3BA}.Debug|Win32.ActiveCfg = Debug|Win32
		{6F80E73A-6ACF-4408-B796-99A4DF3BD3BA}.Debug|Win32.Build.0 = Debug|Win32
		{6F80E73A-6ACF-4408-B796-99A4DF3BD3BA}.Debug|x64.ActiveCfg = Debug|x64
		{6F80E73A-6ACF-4408-B796-99A4DF3BD3BA}.Debug|x64.Build.0 = Debug|x64
		{6F80E73A-6ACF-4408-B796-99A4DF3BD3BA}.Release|ARM.ActiveCfg = Release|Win32
		{6F80E73A-6ACF-4408-B796-99A4DF3BD3BA}.Release|Mixed Platforms.ActiveCfg = Release|Win32
		{6F80E73A-6ACF-4408-B796-99A4DF3BD3BA}.Release|Mixed Platforms.Build.0 = Release|Win32
		{6F80E73A-6ACF-4408-B796-99A4DF3BD3BA}.Release|Win32.ActiveCfg = Release|Win32
		{6F80E73A-6ACF-4408-B796-99A4DF3BD3BA}.Release|Win32.Build.0 = Release|Win32
		{6F80E73A-6ACF-4408-B796-99A4DF3BD3BA}.Release|x64.ActiveCfg = Release|x64
		{6F80E73A-6ACF-4408-B796-99A4DF3BD3BA}.Release|x64.Build.0 = Release|x64
		{1D04CDE9-74FB-4D60-8533-A458B3B275D9}.Debug|ARM.ActiveCfg = Debug|Win32
		{1D04CDE9-74FB-4D60-8533-A458B3B275D9}.Debug|Mixed Platforms.ActiveCfg = Debug|Win32
		{1D04CDE9-74FB-4D60-8533-A458B3B275D9}.Debug|Mixed Platforms.Build.0 = Debug|Win32
		{1D04CDE9-74FB-4D60-8533-A458B3B275D9}.Debug|Win32.ActiveCfg = Debug|Win32
		{1D04CDE9-74FB-4D60-8533-A458B3B275D9}.Debug|Win32.Build.0 = Debug|Win32
		{1D04CDE9-74FB-4D60-8533-A458B3B275D9}.Debug|x64.ActiveCfg = Debug|x64
		{1D04CDE9-74FB-4D60-8533-A458B3B275D9}.Debug|x64.Build.0 = Debug|x64
		{1D04CDE9-74FB-4D60-8533-A458B3B275D9}.Release|ARM.ActiveCfg = Release|Win32
		{1D04CDE9-74FB-4D60-8533-A458B3B275D9}.Release|Mixed Platforms.ActiveCfg = Release|Win32
		{1D04CDE9-74FB-4D60-8533-A458B3B275D9}.Release|Mixed Platforms.Build.0 = Release|Win32
		{1D04CDE9-74FB-4D60-8533-A458B3B275D9}.Release|Win32.ActiveCfg = Release|Win32
		{1D04CDE9-74FB-4D60-8533-A458B3B275D9}.Release|Win32.Build.0 = Release|Win32
		{1D04CDE9-74FB-4D60-8533-A458B3B275D9}.Release|x64.ActiveCfg = Release|x64
		{1D04CDE9-74FB-4D60-8533-A458B3B275D9}.Release|x64.Build.0 = Release|x64
		{CF1F957F-FF0B-45C3-A1B0-14453DF6D569}.Debug|ARM.ActiveCfg = Debug|Win32
		{CF1F957F-FF0B-45C3-A1B0-14453DF6D569}.Debug|Mixed Platforms.ActiveCfg = Debug|Win32
		{CF1F957F-FF0B-45C3-A1B0-14453DF6D569}.Debug|Mixed Platforms.Build.0 = Debug|Win32
		{CF1F957F-FF0B-45C3-A1B0-14453DF6D569}.Debug|Win32.ActiveCfg = Debug|Win32
		{CF1F957F-FF0B-45C3-A1B0-14453DF6D569}.Debug|Win32.Build.0 = Debug|Win32
		{CF1F957F-FF0B-45C3-A1B0-14453DF6D569}.Debug|x64.ActiveCfg = Debug|x64
		{CF1F957F-FF0B-45C3-A1B0-14453DF6D569}.Debug|x64.Build.0 = Debug|x64
		{CF1F957F-FF0B-45C3-A1B0-14453DF6D569}.Release|ARM.ActiveCfg = Release|Win32
		{CF1F957F-FF0B-45C3-A1B0-14453DF6D569}.Release|Mixed Platforms.ActiveCfg = Release|Win32
		{CF1F957F-FF0B-45C3-A1B0-14453DF6D569}.Release|Mixed Platforms.Build.0 = Release|Win32
		{CF1F957F-FF0B-45C3-A1B0-14453DF6D569}.Release|Win32.ActiveCfg = Release|Win32
		{CF1F957F-FF0B-45C3-A1B0-14453DF6D569}.Release|Win32.Build.0 = Release|Win32
		{CF1F957F-FF0B-45C3-A1B0-14453DF6D569}.Release|x64.ActiveCfg = Release|x64
		{CF1F957F-FF0B-45C3-A1B0-14453DF6D569}.Release|x64.Build.0 = Release|x64
		{714A6675-26EE-4CF2-97CB-C451BDBCE8F1}.Debug|ARM.ActiveCfg = Debug|Win32
		{714A6675-26EE-4CF2-97CB-C451BDBCE8F1}.Debug|Mixed Platforms.ActiveCfg = Debug|Win32
		{714A6675-26EE-4CF2-97CB-C451BDBCE8F1}.Debug|Mixed Platforms.Build.0 = Debug|Win32
		{714A6675-26EE-4CF2-97CB-C451BDBCE8F1}.Debug|Win32.ActiveCfg = Debug|Win32
		{714A6675-26EE-4CF2-97CB-C451BDBCE8F1}.Debug|Win32.Build.0 = Debug|Win32
		{714A6675-26EE-4CF2-97CB-C451BDBCE8F1}.Debug|x64.ActiveCfg = Debug|x64
		{714A6675-26EE-4CF2-97CB-C451BDBCE8F1}.Debug|x64.Build.0 = Debug|x64
		{714A6675-26EE-4CF2-97CB-C451BDBCE8F1}.Release|ARM.ActiveCfg = Release|Win32
		{714A6675-26EE-4CF2-97CB-C451BDBCE8F1}.Release|Mixed Platforms.ActiveCfg = Release|Win32
		{714A6675-26EE-4CF2-97CB-C451BDBCE8F1}.Release|Mixed Platforms.Build.0 = Release|Win32
		{714A6675-26EE-4CF2-97CB-C451BDBCE8F1}.Release|Win32.ActiveCfg = Release|Win32
		{714A6675-26EE-4CF2-97CB-C451BDBCE8F1}.Release|Win32.Build.0 = Release|Win32
		{714A6675-26EE-4CF2-97CB-C451BDBCE8F1}.Release|x64.ActiveCfg = Release|x64
		{714A6675-26EE-4CF2-97CB-C451BDBCE8F1}.Release|x64.Build.0 = Release|x64
		{A1D0EE88-B267-44BD-A5B3-113A52F02BC9}.Debug|ARM.ActiveCfg = Debug|Win32
		{A1D0EE88-B267-44BD-A5B3-113A52F02BC9}.Debug|Mixed Platforms.ActiveCfg = Debug|Win32
		{A1D0EE88-B267-44BD-A5B3-113A52F02BC9}.Debug|Mixed Platforms.Build.0 = Debug|Win32
		{A1D0EE88-B267-44BD-A5B3-113A52F02BC9}.Debug|Win32.ActiveCfg = Debug|Win32
		{A1D0EE88-B267-44BD-A5B3-113A52F02BC9}.Debug|Win32.Build.0 = Debug|Win32
		{A1D0EE88-B267-44BD-A5B3-113A52F02BC9}.Debug|x64.ActiveCfg = Debug|x64
		{A1D0EE88-B267-44BD-A5B3-113A52F02BC9}.Debug|x64.Build.0 = Debug|x64
		{A1D0EE88-B267-44BD-A5B3-113A52F02BC9}.Release|ARM.ActiveCfg = Release|Win32
		{A1D0EE88-B267-44BD-A5B3-113A52F02BC9}.Release|Mixed Platforms.ActiveCfg = Release|Win32
		{A1D0EE88-B267-44BD-A5B3-113A52F02BC9}.Release|Mixed Platforms.Build.0 = Release|Win32
		{A1D0EE88-B267-44BD-A5B3-113A52F02BC9}.Release|Win32.ActiveCfg = Release|Win32
		{A1D0EE88-B267-44BD-A5B3-113A52F02BC9}.Release|Win32.Build.0 = Release|Win32
		{A1D0EE88-B267-44BD-A5B3-113A52F02BC9}.Release|x64.ActiveCfg = Release|x64
		{A1D0EE88-B267-44BD-A5B3-113A52F02BC9}.Release|x64.Build.0 = Release|x64
	EndGlobalSection
	GlobalSection(SolutionProperties) = preSolution
		HideSolutionNode = FALSE
	EndGlobalSection
EndGlobal
